
Microsoft Visual Studio Solution File, Format Version 12.00
# Visual Studio 2013
VisualStudioVersion = 12.0.40629.0
MinimumVisualStudioVersion = 10.0.40219.1
Project("{8BC9CEB8-8B4A-11D0-8D11-00A0C91BC942}") = "南阳理工学院ACM", "南阳理工学院ACM\南阳理工学院ACM.vcxproj", "{574E47C1-F6D0-4547-A318-ABD10E3EBC7B}"
EndProject
Project("{8BC9CEB8-8B4A-11D0-8D11-00A0C91BC942}") = "ASCII码排序", "ASCII码排序\ASCII码排序.vcxproj", "{135CC517-E563-4049-9F2E-FE9A8DAC1CFC}"
EndProject
Project("{8BC9CEB8-8B4A-11D0-8D11-00A0C91BC942}") = "奇偶数分离", "奇偶数分离\奇偶数分离.vcxproj", "{D9576306-3B49-453B-8C9E-CD32D2340901}"
EndProject
Project("{8BC9CEB8-8B4A-11D0-8D11-00A0C91BC942}") = "Fibonacci数", "Fibonacci数\Fibonacci数.vcxproj", "{E168D2A9-E27F-4962-BBDF-4B6B14FAE8B8}"
EndProject
Project("{8BC9CEB8-8B4A-11D0-8D11-00A0C91BC942}") = "比大小", "比大小\比大小.vcxproj", "{49837F4A-058E-4710-9B09-0BF050169C4F}"
EndProject
Project("{8BC9CEB8-8B4A-11D0-8D11-00A0C91BC942}") = "素数求和问题", "素数求和问题\素数求和问题.vcxproj", "{C150D88D-5783-4F3C-85FE-32D59EEA79C0}"
EndProject
Project("{8BC9CEB8-8B4A-11D0-8D11-00A0C91BC942}") = "素数距离问题", "素数距离问题\素数距离问题.vcxproj", "{CDFD569B-7D8B-4161-A121-AF71E03AC728}"
EndProject
Project("{8BC9CEB8-8B4A-11D0-8D11-00A0C91BC942}") = "5个数求最值", "5个数求最值\5个数求最值.vcxproj", "{EAD1859D-DED0-4368-9ECB-F6E52B9239B4}"
EndProject
Project("{8BC9CEB8-8B4A-11D0-8D11-00A0C91BC942}") = "6174问题", "6174问题\6174问题.vcxproj", "{371D46F9-DACF-46CE-8B55-E9F3D6C03156}"
EndProject
Project("{8BC9CEB8-8B4A-11D0-8D11-00A0C91BC942}") = "鸡兔同笼", "鸡兔同笼\鸡兔同笼.vcxproj", "{B846518C-C893-434B-98F5-E07C55A5BB0D}"
EndProject
Project("{8BC9CEB8-8B4A-11D0-8D11-00A0C91BC942}") = "公约数和公倍数", "公约数和公倍数\公约数和公倍数.vcxproj", "{0456D22C-85F4-494A-9D6D-17132D99D782}"
EndProject
Project("{8BC9CEB8-8B4A-11D0-8D11-00A0C91BC942}") = "另一种阶乘问题", "另一种阶乘问题\另一种阶乘问题.vcxproj", "{97AD0B30-3DC7-41B5-8B43-E4FD3F37992C}"
EndProject
Project("{8BC9CEB8-8B4A-11D0-8D11-00A0C91BC942}") = "小学生算术", "小学生算术\小学生算术.vcxproj", "{C77E74FD-7247-477C-AC9A-431932457D66}"
EndProject
Project("{8BC9CEB8-8B4A-11D0-8D11-00A0C91BC942}") = "日期计算", "日期计算\日期计算.vcxproj", "{44AB528C-8954-4A70-B34E-0FDCCA762F37}"
EndProject
Project("{8BC9CEB8-8B4A-11D0-8D11-00A0C91BC942}") = "n-1位数", "n-1位数\n-1位数.vcxproj", "{3F1231E4-20D5-4CFB-9B15-0BE4AF39C793}"
EndProject
Project("{8BC9CEB8-8B4A-11D0-8D11-00A0C91BC942}") = "成绩转换", "成绩转换\成绩转换.vcxproj", "{1BA2B629-4CCB-4CEF-8997-325D36040F7F}"
EndProject
Project("{8BC9CEB8-8B4A-11D0-8D11-00A0C91BC942}") = "1的个数", "1的个数\1的个数.vcxproj", "{904E597D-8BB4-4B9D-88A3-77453637BD39}"
EndProject
Project("{8BC9CEB8-8B4A-11D0-8D11-00A0C91BC942}") = "两点距离", "两点距离\两点距离.vcxproj", "{02A14903-DD81-464B-A16B-EB098A7A94B1}"
EndProject
Project("{8BC9CEB8-8B4A-11D0-8D11-00A0C91BC942}") = "兄弟郊游问题", "兄弟郊游问题\兄弟郊游问题.vcxproj", "{C81D6C53-0FE2-4DF2-B9C7-4BBB06391FDC}"
EndProject
Project("{8BC9CEB8-8B4A-11D0-8D11-00A0C91BC942}") = "开灯问题", "开灯问题\开灯问题.vcxproj", "{4C1096D1-8C10-4656-9290-1FF70FF791B1}"
EndProject
Project("{8BC9CEB8-8B4A-11D0-8D11-00A0C91BC942}") = "阶乘因式分解（一）", "阶乘因式分解（一）\阶乘因式分解（一）.vcxproj", "{0F9A77CE-4AAD-4FA0-B983-FB3D5A020916}"
EndProject
Global
	GlobalSection(SolutionConfigurationPlatforms) = preSolution
		Debug|Win32 = Debug|Win32
		Release|Win32 = Release|Win32
	EndGlobalSection
	GlobalSection(ProjectConfigurationPlatforms) = postSolution
		{574E47C1-F6D0-4547-A318-ABD10E3EBC7B}.Debug|Win32.ActiveCfg = Debug|Win32
		{574E47C1-F6D0-4547-A318-ABD10E3EBC7B}.Debug|Win32.Build.0 = Debug|Win32
		{574E47C1-F6D0-4547-A318-ABD10E3EBC7B}.Release|Win32.ActiveCfg = Release|Win32
		{574E47C1-F6D0-4547-A318-ABD10E3EBC7B}.Release|Win32.Build.0 = Release|Win32
		{135CC517-E563-4049-9F2E-FE9A8DAC1CFC}.Debug|Win32.ActiveCfg = Debug|Win32
		{135CC517-E563-4049-9F2E-FE9A8DAC1CFC}.Debug|Win32.Build.0 = Debug|Win32
		{135CC517-E563-4049-9F2E-FE9A8DAC1CFC}.Release|Win32.ActiveCfg = Release|Win32
		{135CC517-E563-4049-9F2E-FE9A8DAC1CFC}.Release|Win32.Build.0 = Release|Win32
		{D9576306-3B49-453B-8C9E-CD32D2340901}.Debug|Win32.ActiveCfg = Debug|Win32
		{D9576306-3B49-453B-8C9E-CD32D2340901}.Debug|Win32.Build.0 = Debug|Win32
		{D9576306-3B49-453B-8C9E-CD32D2340901}.Release|Win32.ActiveCfg = Release|Win32
		{D9576306-3B49-453B-8C9E-CD32D2340901}.Release|Win32.Build.0 = Release|Win32
		{E168D2A9-E27F-4962-BBDF-4B6B14FAE8B8}.Debug|Win32.ActiveCfg = Debug|Win32
		{E168D2A9-E27F-4962-BBDF-4B6B14FAE8B8}.Debug|Win32.Build.0 = Debug|Win32
		{E168D2A9-E27F-4962-BBDF-4B6B14FAE8B8}.Release|Win32.ActiveCfg = Release|Win32
		{E168D2A9-E27F-4962-BBDF-4B6B14FAE8B8}.Release|Win32.Build.0 = Release|Win32
		{49837F4A-058E-4710-9B09-0BF050169C4F}.Debug|Win32.ActiveCfg = Debug|Win32
		{49837F4A-058E-4710-9B09-0BF050169C4F}.Debug|Win32.Build.0 = Debug|Win32
		{49837F4A-058E-4710-9B09-0BF050169C4F}.Release|Win32.ActiveCfg = Release|Win32
		{49837F4A-058E-4710-9B09-0BF050169C4F}.Release|Win32.Build.0 = Release|Win32
		{C150D88D-5783-4F3C-85FE-32D59EEA79C0}.Debug|Win32.ActiveCfg = Debug|Win32
		{C150D88D-5783-4F3C-85FE-32D59EEA79C0}.Debug|Win32.Build.0 = Debug|Win32
		{C150D88D-5783-4F3C-85FE-32D59EEA79C0}.Release|Win32.ActiveCfg = Release|Win32
		{C150D88D-5783-4F3C-85FE-32D59EEA79C0}.Release|Win32.Build.0 = Release|Win32
		{CDFD569B-7D8B-4161-A121-AF71E03AC728}.Debug|Win32.ActiveCfg = Debug|Win32
		{CDFD569B-7D8B-4161-A121-AF71E03AC728}.Debug|Win32.Build.0 = Debug|Win32
		{CDFD569B-7D8B-4161-A121-AF71E03AC728}.Release|Win32.ActiveCfg = Release|Win32
		{CDFD569B-7D8B-4161-A121-AF71E03AC728}.Release|Win32.Build.0 = Release|Win32
		{EAD1859D-DED0-4368-9ECB-F6E52B9239B4}.Debug|Win32.ActiveCfg = Debug|Win32
		{EAD1859D-DED0-4368-9ECB-F6E52B9239B4}.Debug|Win32.Build.0 = Debug|Win32
		{EAD1859D-DED0-4368-9ECB-F6E52B9239B4}.Release|Win32.ActiveCfg = Release|Win32
		{EAD1859D-DED0-4368-9ECB-F6E52B9239B4}.Release|Win32.Build.0 = Release|Win32
		{371D46F9-DACF-46CE-8B55-E9F3D6C03156}.Debug|Win32.ActiveCfg = Debug|Win32
		{371D46F9-DACF-46CE-8B55-E9F3D6C03156}.Debug|Win32.Build.0 = Debug|Win32
		{371D46F9-DACF-46CE-8B55-E9F3D6C03156}.Release|Win32.ActiveCfg = Release|Win32
		{371D46F9-DACF-46CE-8B55-E9F3D6C03156}.Release|Win32.Build.0 = Release|Win32
		{B846518C-C893-434B-98F5-E07C55A5BB0D}.Debug|Win32.ActiveCfg = Debug|Win32
		{B846518C-C893-434B-98F5-E07C55A5BB0D}.Debug|Win32.Build.0 = Debug|Win32
		{B846518C-C893-434B-98F5-E07C55A5BB0D}.Release|Win32.ActiveCfg = Release|Win32
		{B846518C-C893-434B-98F5-E07C55A5BB0D}.Release|Win32.Build.0 = Release|Win32
		{0456D22C-85F4-494A-9D6D-17132D99D782}.Debug|Win32.ActiveCfg = Debug|Win32
		{0456D22C-85F4-494A-9D6D-17132D99D782}.Debug|Win32.Build.0 = Debug|Win32
		{0456D22C-85F4-494A-9D6D-17132D99D782}.Release|Win32.ActiveCfg = Release|Win32
		{0456D22C-85F4-494A-9D6D-17132D99D782}.Release|Win32.Build.0 = Release|Win32
		{97AD0B30-3DC7-41B5-8B43-E4FD3F37992C}.Debug|Win32.ActiveCfg = Debug|Win32
		{97AD0B30-3DC7-41B5-8B43-E4FD3F37992C}.Debug|Win32.Build.0 = Debug|Win32
		{97AD0B30-3DC7-41B5-8B43-E4FD3F37992C}.Release|Win32.ActiveCfg = Release|Win32
		{97AD0B30-3DC7-41B5-8B43-E4FD3F37992C}.Release|Win32.Build.0 = Release|Win32
		{C77E74FD-7247-477C-AC9A-431932457D66}.Debug|Win32.ActiveCfg = Debug|Win32
		{C77E74FD-7247-477C-AC9A-431932457D66}.Debug|Win32.Build.0 = Debug|Win32
		{C77E74FD-7247-477C-AC9A-431932457D66}.Release|Win32.ActiveCfg = Release|Win32
		{C77E74FD-7247-477C-AC9A-431932457D66}.Release|Win32.Build.0 = Release|Win32
		{44AB528C-8954-4A70-B34E-0FDCCA762F37}.Debug|Win32.ActiveCfg = Debug|Win32
		{44AB528C-8954-4A70-B34E-0FDCCA762F37}.Debug|Win32.Build.0 = Debug|Win32
		{44AB528C-8954-4A70-B34E-0FDCCA762F37}.Release|Win32.ActiveCfg = Release|Win32
		{44AB528C-8954-4A70-B34E-0FDCCA762F37}.Release|Win32.Build.0 = Release|Win32
		{3F1231E4-20D5-4CFB-9B15-0BE4AF39C793}.Debug|Win32.ActiveCfg = Debug|Win32
		{3F1231E4-20D5-4CFB-9B15-0BE4AF39C793}.Debug|Win32.Build.0 = Debug|Win32
		{3F1231E4-20D5-4CFB-9B15-0BE4AF39C793}.Release|Win32.ActiveCfg = Release|Win32
		{3F1231E4-20D5-4CFB-9B15-0BE4AF39C793}.Release|Win32.Build.0 = Release|Win32
		{1BA2B629-4CCB-4CEF-8997-325D36040F7F}.Debug|Win32.ActiveCfg = Debug|Win32
		{1BA2B629-4CCB-4CEF-8997-325D36040F7F}.Debug|Win32.Build.0 = Debug|Win32
		{1BA2B629-4CCB-4CEF-8997-325D36040F7F}.Release|Win32.ActiveCfg = Release|Win32
		{1BA2B629-4CCB-4CEF-8997-325D36040F7F}.Release|Win32.Build.0 = Release|Win32
		{904E597D-8BB4-4B9D-88A3-77453637BD39}.Debug|Win32.ActiveCfg = Debug|Win32
		{904E597D-8BB4-4B9D-88A3-77453637BD39}.Debug|Win32.Build.0 = Debug|Win32
		{904E597D-8BB4-4B9D-88A3-77453637BD39}.Release|Win32.ActiveCfg = Release|Win32
		{904E597D-8BB4-4B9D-88A3-77453637BD39}.Release|Win32.Build.0 = Release|Win32
		{02A14903-DD81-464B-A16B-EB098A7A94B1}.Debug|Win32.ActiveCfg = Debug|Win32
		{02A14903-DD81-464B-A16B-EB098A7A94B1}.Debug|Win32.Build.0 = Debug|Win32
		{02A14903-DD81-464B-A16B-EB098A7A94B1}.Release|Win32.ActiveCfg = Release|Win32
		{02A14903-DD81-464B-A16B-EB098A7A94B1}.Release|Win32.Build.0 = Release|Win32
		{C81D6C53-0FE2-4DF2-B9C7-4BBB06391FDC}.Debug|Win32.ActiveCfg = Debug|Win32
		{C81D6C53-0FE2-4DF2-B9C7-4BBB06391FDC}.Debug|Win32.Build.0 = Debug|Win32
		{C81D6C53-0FE2-4DF2-B9C7-4BBB06391FDC}.Release|Win32.ActiveCfg = Release|Win32
		{C81D6C53-0FE2-4DF2-B9C7-4BBB06391FDC}.Release|Win32.Build.0 = Release|Win32
		{4C1096D1-8C10-4656-9290-1FF70FF791B1}.Debug|Win32.ActiveCfg = Debug|Win32
		{4C1096D1-8C10-4656-9290-1FF70FF791B1}.Debug|Win32.Build.0 = Debug|Win32
		{4C1096D1-8C10-4656-9290-1FF70FF791B1}.Release|Win32.ActiveCfg = Release|Win32
		{4C1096D1-8C10-4656-9290-1FF70FF791B1}.Release|Win32.Build.0 = Release|Win32
		{0F9A77CE-4AAD-4FA0-B983-FB3D5A020916}.Debug|Win32.ActiveCfg = Debug|Win32
		{0F9A77CE-4AAD-4FA0-B983-FB3D5A020916}.Debug|Win32.Build.0 = Debug|Win32
		{0F9A77CE-4AAD-4FA0-B983-FB3D5A020916}.Release|Win32.ActiveCfg = Release|Win32
		{0F9A77CE-4AAD-4FA0-B983-FB3D5A020916}.Release|Win32.Build.0 = Release|Win32
	EndGlobalSection
	GlobalSection(SolutionProperties) = preSolution
		HideSolutionNode = FALSE
	EndGlobalSection
EndGlobal
