
Microsoft Visual Studio Solution File, Format Version 12.00
# Visual Studio 2013
VisualStudioVersion = 12.0.40629.0
MinimumVisualStudioVersion = 10.0.40219.1
Project("{8BC9CEB8-8B4A-11D0-8D11-00A0C91BC942}") = "万圣节派对", "万圣节派对\万圣节派对.vcxproj", "{D9DAFD5E-6006-48D3-8323-02E29208CA94}"
EndProject
Project("{8BC9CEB8-8B4A-11D0-8D11-00A0C91BC942}") = "兰州烧饼", "兰州烧饼\兰州烧饼.vcxproj", "{15F4D710-A0FD-40FD-8DF4-26AA445A3989}"
EndProject
Project("{8BC9CEB8-8B4A-11D0-8D11-00A0C91BC942}") = "取石子（七）", "取石子（七）\取石子（七）.vcxproj", "{C751D756-DA2F-4DF0-A906-9670E22AF1D1}"
EndProject
Project("{8BC9CEB8-8B4A-11D0-8D11-00A0C91BC942}") = "对决", "对决\对决.vcxproj", "{A9FFE88C-DAD2-4608-AF89-323D32C959ED}"
EndProject
Project("{8BC9CEB8-8B4A-11D0-8D11-00A0C91BC942}") = "关于521", "关于521\关于521.vcxproj", "{7B9BB2B6-A21A-47B9-9712-E9A96CB2A519}"
EndProject
Global
	GlobalSection(SolutionConfigurationPlatforms) = preSolution
		Debug|Win32 = Debug|Win32
		Release|Win32 = Release|Win32
	EndGlobalSection
	GlobalSection(ProjectConfigurationPlatforms) = postSolution
		{D9DAFD5E-6006-48D3-8323-02E29208CA94}.Debug|Win32.ActiveCfg = Debug|Win32
		{D9DAFD5E-6006-48D3-8323-02E29208CA94}.Debug|Win32.Build.0 = Debug|Win32
		{D9DAFD5E-6006-48D3-8323-02E29208CA94}.Release|Win32.ActiveCfg = Release|Win32
		{D9DAFD5E-6006-48D3-8323-02E29208CA94}.Release|Win32.Build.0 = Release|Win32
		{15F4D710-A0FD-40FD-8DF4-26AA445A3989}.Debug|Win32.ActiveCfg = Debug|Win32
		{15F4D710-A0FD-40FD-8DF4-26AA445A3989}.Debug|Win32.Build.0 = Debug|Win32
		{15F4D710-A0FD-40FD-8DF4-26AA445A3989}.Release|Win32.ActiveCfg = Release|Win32
		{15F4D710-A0FD-40FD-8DF4-26AA445A3989}.Release|Win32.Build.0 = Release|Win32
		{C751D756-DA2F-4DF0-A906-9670E22AF1D1}.Debug|Win32.ActiveCfg = Debug|Win32
		{C751D756-DA2F-4DF0-A906-9670E22AF1D1}.Debug|Win32.Build.0 = Debug|Win32
		{C751D756-DA2F-4DF0-A906-9670E22AF1D1}.Release|Win32.ActiveCfg = Release|Win32
		{C751D756-DA2F-4DF0-A906-9670E22AF1D1}.Release|Win32.Build.0 = Release|Win32
		{A9FFE88C-DAD2-4608-AF89-323D32C959ED}.Debug|Win32.ActiveCfg = Debug|Win32
		{A9FFE88C-DAD2-4608-AF89-323D32C959ED}.Debug|Win32.Build.0 = Debug|Win32
		{A9FFE88C-DAD2-4608-AF89-323D32C959ED}.Release|Win32.ActiveCfg = Release|Win32
		{A9FFE88C-DAD2-4608-AF89-323D32C959ED}.Release|Win32.Build.0 = Release|Win32
		{7B9BB2B6-A21A-47B9-9712-E9A96CB2A519}.Debug|Win32.ActiveCfg = Debug|Win32
		{7B9BB2B6-A21A-47B9-9712-E9A96CB2A519}.Debug|Win32.Build.0 = Debug|Win32
		{7B9BB2B6-A21A-47B9-9712-E9A96CB2A519}.Release|Win32.ActiveCfg = Release|Win32
		{7B9BB2B6-A21A-47B9-9712-E9A96CB2A519}.Release|Win32.Build.0 = Release|Win32
	EndGlobalSection
	GlobalSection(SolutionProperties) = preSolution
		HideSolutionNode = FALSE
	EndGlobalSection
EndGlobal
